
Microsoft Visual Studio Solution File, Format Version 12.00
# Visual Studio Version 17
VisualStudioVersion = 17.4.33213.308
MinimumVisualStudioVersion = 10.0.40219.1
Project("{FAE04EC0-301F-11D3-BF4B-00C04F79EFBC}") = "DesignPatters", "DesignPatters\DesignPatters.csproj", "{3CD75B8B-16DA-4023-AF5D-913C21915BFC}"
EndProject
Project("{FAE04EC0-301F-11D3-BF4B-00C04F79EFBC}") = "单例模式", "单例模式\单例模式.csproj", "{31A34D44-5A66-428E-A942-49D5FCD38049}"
EndProject
Global
	GlobalSection(SolutionConfigurationPlatforms) = preSolution
		Debug|Any CPU = Debug|Any CPU
		Release|Any CPU = Release|Any CPU
	EndGlobalSection
	GlobalSection(ProjectConfigurationPlatforms) = postSolution
		{3CD75B8B-16DA-4023-AF5D-913C21915BFC}.Debug|Any CPU.ActiveCfg = Debug|Any CPU
		{3CD75B8B-16DA-4023-AF5D-913C21915BFC}.Debug|Any CPU.Build.0 = Debug|Any CPU
		{3CD75B8B-16DA-4023-AF5D-913C21915BFC}.Release|Any CPU.ActiveCfg = Release|Any CPU
		{3CD75B8B-16DA-4023-AF5D-913C21915BFC}.Release|Any CPU.Build.0 = Release|Any CPU
		{31A34D44-5A66-428E-A942-49D5FCD38049}.Debug|Any CPU.ActiveCfg = Debug|Any CPU
		{31A34D44-5A66-428E-A942-49D5FCD38049}.Debug|Any CPU.Build.0 = Debug|Any CPU
		{31A34D44-5A66-428E-A942-49D5FCD38049}.Release|Any CPU.ActiveCfg = Release|Any CPU
		{31A34D44-5A66-428E-A942-49D5FCD38049}.Release|Any CPU.Build.0 = Release|Any CPU
	EndGlobalSection
	GlobalSection(SolutionProperties) = preSolution
		HideSolutionNode = FALSE
	EndGlobalSection
	GlobalSection(ExtensibilityGlobals) = postSolution
		SolutionGuid = {224E8D32-229A-4529-82F0-47C22F8C35B9}
	EndGlobalSection
EndGlobal
